
Microsoft Visual Studio Solution File, Format Version 12.00
# Visual Studio Version 16
VisualStudioVersion = 16.0.30223.230
MinimumVisualStudioVersion = 10.0.40219.1
Project("{9A19103F-16F7-4668-BE54-9A1E7A4F7556}") = "FreeSecur.Web", "FreeSecur.Web\FreeSecur.Web.csproj", "{2DB29155-9368-4F45-8283-AADEBA004E27}"
EndProject
Project("{2150E333-8FDC-42A3-9474-1A3956D46DE8}") = "Tests", "Tests", "{81044BE9-771B-48F6-BFF8-188235F0D01E}"
EndProject
Project("{9A19103F-16F7-4668-BE54-9A1E7A4F7556}") = "FreeSecur.API.Core", "FreeSecur.API.Core\FreeSecur.API.Core.csproj", "{760EA4A2-93C4-4F3B-B823-1D61391011AA}"
EndProject
Project("{9A19103F-16F7-4668-BE54-9A1E7A4F7556}") = "FreeSecur.API.Domain", "FreeSecur.API.Domain\FreeSecur.API.Domain.csproj", "{53B79920-7415-4E5C-87FF-C056E174C9B5}"
EndProject
Project("{9A19103F-16F7-4668-BE54-9A1E7A4F7556}") = "FreeSecur.API.Logic", "FreeSecur.API.Logic\FreeSecur.API.Logic.csproj", "{49CA3DE2-5424-4032-BCD6-0818A72604DA}"
EndProject
Project("{9A19103F-16F7-4668-BE54-9A1E7A4F7556}") = "FreeSecur.API", "FreeSecur.API\FreeSecur.API.csproj", "{62E2C6DD-F8BB-4829-AA51-8E357A983D58}"
EndProject
Project("{9A19103F-16F7-4668-BE54-9A1E7A4F7556}") = "FreeSecur.API.Core.UnitTests", "Tests\FreeSecur.API.Core.UnitTests\FreeSecur.API.Core.UnitTests.csproj", "{220F5AD8-7758-469A-A7A0-A8141C9E401B}"
EndProject
Project("{9A19103F-16F7-4668-BE54-9A1E7A4F7556}") = "FreeSecur.API.Logic.UnitTests", "Tests\FreeSecur.API.Logic.UnitTests\FreeSecur.API.Logic.UnitTests.csproj", "{391BA8E0-FF77-4C75-9DCC-64556AC3DFC7}"
EndProject
Project("{9A19103F-16F7-4668-BE54-9A1E7A4F7556}") = "FreeSecur.API.Mocks", "Tests\FreeSecur.API.Mocks\FreeSecur.API.Mocks.csproj", "{F1917FD2-3C01-41D6-A5F3-91E9FC45B1AD}"
EndProject
Project("{2150E333-8FDC-42A3-9474-1A3956D46DE8}") = "Solution Items", "Solution Items", "{20917AFD-1735-4A6C-8C6E-D4A2A7429864}"
	ProjectSection(SolutionItems) = preProject
		.editorconfig = .editorconfig
	EndProjectSection
EndProject
Global
	GlobalSection(SolutionConfigurationPlatforms) = preSolution
		Debug|Any CPU = Debug|Any CPU
		Release|Any CPU = Release|Any CPU
	EndGlobalSection
	GlobalSection(ProjectConfigurationPlatforms) = postSolution
		{2DB29155-9368-4F45-8283-AADEBA004E27}.Debug|Any CPU.ActiveCfg = Debug|Any CPU
		{2DB29155-9368-4F45-8283-AADEBA004E27}.Debug|Any CPU.Build.0 = Debug|Any CPU
		{2DB29155-9368-4F45-8283-AADEBA004E27}.Release|Any CPU.ActiveCfg = Release|Any CPU
		{2DB29155-9368-4F45-8283-AADEBA004E27}.Release|Any CPU.Build.0 = Release|Any CPU
		{760EA4A2-93C4-4F3B-B823-1D61391011AA}.Debug|Any CPU.ActiveCfg = Debug|Any CPU
		{760EA4A2-93C4-4F3B-B823-1D61391011AA}.Debug|Any CPU.Build.0 = Debug|Any CPU
		{760EA4A2-93C4-4F3B-B823-1D61391011AA}.Release|Any CPU.ActiveCfg = Release|Any CPU
		{760EA4A2-93C4-4F3B-B823-1D61391011AA}.Release|Any CPU.Build.0 = Release|Any CPU
		{53B79920-7415-4E5C-87FF-C056E174C9B5}.Debug|Any CPU.ActiveCfg = Debug|Any CPU
		{53B79920-7415-4E5C-87FF-C056E174C9B5}.Debug|Any CPU.Build.0 = Debug|Any CPU
		{53B79920-7415-4E5C-87FF-C056E174C9B5}.Release|Any CPU.ActiveCfg = Release|Any CPU
		{53B79920-7415-4E5C-87FF-C056E174C9B5}.Release|Any CPU.Build.0 = Release|Any CPU
		{49CA3DE2-5424-4032-BCD6-0818A72604DA}.Debug|Any CPU.ActiveCfg = Debug|Any CPU
		{49CA3DE2-5424-4032-BCD6-0818A72604DA}.Debug|Any CPU.Build.0 = Debug|Any CPU
		{49CA3DE2-5424-4032-BCD6-0818A72604DA}.Release|Any CPU.ActiveCfg = Release|Any CPU
		{49CA3DE2-5424-4032-BCD6-0818A72604DA}.Release|Any CPU.Build.0 = Release|Any CPU
		{62E2C6DD-F8BB-4829-AA51-8E357A983D58}.Debug|Any CPU.ActiveCfg = Debug|Any CPU
		{62E2C6DD-F8BB-4829-AA51-8E357A983D58}.Debug|Any CPU.Build.0 = Debug|Any CPU
		{62E2C6DD-F8BB-4829-AA51-8E357A983D58}.Release|Any CPU.ActiveCfg = Release|Any CPU
		{62E2C6DD-F8BB-4829-AA51-8E357A983D58}.Release|Any CPU.Build.0 = Release|Any CPU
		{220F5AD8-7758-469A-A7A0-A8141C9E401B}.Debug|Any CPU.ActiveCfg = Debug|Any CPU
		{220F5AD8-7758-469A-A7A0-A8141C9E401B}.Debug|Any CPU.Build.0 = Debug|Any CPU
		{220F5AD8-7758-469A-A7A0-A8141C9E401B}.Release|Any CPU.ActiveCfg = Release|Any CPU
		{220F5AD8-7758-469A-A7A0-A8141C9E401B}.Release|Any CPU.Build.0 = Release|Any CPU
		{391BA8E0-FF77-4C75-9DCC-64556AC3DFC7}.Debug|Any CPU.ActiveCfg = Debug|Any CPU
		{391BA8E0-FF77-4C75-9DCC-64556AC3DFC7}.Debug|Any CPU.Build.0 = Debug|Any CPU
		{391BA8E0-FF77-4C75-9DCC-64556AC3DFC7}.Release|Any CPU.ActiveCfg = Release|Any CPU
		{391BA8E0-FF77-4C75-9DCC-64556AC3DFC7}.Release|Any CPU.Build.0 = Release|Any CPU
		{F1917FD2-3C01-41D6-A5F3-91E9FC45B1AD}.Debug|Any CPU.ActiveCfg = Debug|Any CPU
		{F1917FD2-3C01-41D6-A5F3-91E9FC45B1AD}.Debug|Any CPU.Build.0 = Debug|Any CPU
		{F1917FD2-3C01-41D6-A5F3-91E9FC45B1AD}.Release|Any CPU.ActiveCfg = Release|Any CPU
		{F1917FD2-3C01-41D6-A5F3-91E9FC45B1AD}.Release|Any CPU.Build.0 = Release|Any CPU
	EndGlobalSection
	GlobalSection(SolutionProperties) = preSolution
		HideSolutionNode = FALSE
	EndGlobalSection
	GlobalSection(NestedProjects) = preSolution
		{220F5AD8-7758-469A-A7A0-A8141C9E401B} = {81044BE9-771B-48F6-BFF8-188235F0D01E}
		{391BA8E0-FF77-4C75-9DCC-64556AC3DFC7} = {81044BE9-771B-48F6-BFF8-188235F0D01E}
		{F1917FD2-3C01-41D6-A5F3-91E9FC45B1AD} = {81044BE9-771B-48F6-BFF8-188235F0D01E}
	EndGlobalSection
	GlobalSection(ExtensibilityGlobals) = postSolution
		SolutionGuid = {5987C7FE-4191-4BA0-8809-10ADA1BEA6D9}
	EndGlobalSection
EndGlobal
